
Microsoft Visual Studio Solution File, Format Version 12.00
# Visual Studio Version 17
VisualStudioVersion = 17.1.32421.90
MinimumVisualStudioVersion = 10.0.40219.1
Project("{9A19103F-16F7-4668-BE54-9A1E7A4F7556}") = "MainConsoleApp", "MainConsoleApp\MainConsoleApp.csproj", "{9F44210A-9B8C-48F8-A375-13A47CF76798}"
EndProject
Project("{9A19103F-16F7-4668-BE54-9A1E7A4F7556}") = "DataDownloaders", "DataDownloaders\DataDownloaders.csproj", "{FC5FD1D7-65A4-4592-A44B-4E3CB9B0FCB4}"
EndProject
Project("{9A19103F-16F7-4668-BE54-9A1E7A4F7556}") = "DataParsers", "DataParsers\DataParsers.csproj", "{D2A98CE2-F1DD-47B9-8B08-87B1D2ABF0B8}"
EndProject
Project("{9A19103F-16F7-4668-BE54-9A1E7A4F7556}") = "Core", "Core\Core.csproj", "{9234AABE-5685-41DD-AEA0-C799A4983E3D}"
EndProject
Project("{9A19103F-16F7-4668-BE54-9A1E7A4F7556}") = "TokenRefresher", "TokenGetter\TokenRefresher.csproj", "{7A66CBB8-E8ED-4876-BB38-BA5FA6A8DF81}"
EndProject
Project("{9A19103F-16F7-4668-BE54-9A1E7A4F7556}") = "DataSaver", "DataSaver\DataSaver.csproj", "{2A80B00E-A020-46E4-A05C-6E36D0EB58FD}"
EndProject
Project("{9A19103F-16F7-4668-BE54-9A1E7A4F7556}") = "TestDataDownloader", "TestDataDownloader\TestDataDownloader.csproj", "{A7B454E1-B626-4F1B-8A0E-DAC7E2AA258C}"
EndProject
Project("{9A19103F-16F7-4668-BE54-9A1E7A4F7556}") = "MT940", "MT940\MT940.csproj", "{3BD26F6B-AD21-4FD8-8A6B-4463653CDAF0}"
EndProject
Project("{FAE04EC0-301F-11D3-BF4B-00C04F79EFBC}") = "DataConverter", "DataConverter\DataConverter.csproj", "{2D367433-D9ED-410A-95D9-E9603216297A}"
EndProject
Project("{2150E333-8FDC-42A3-9474-1A3956D46DE8}") = "Tests", "Tests", "{C4D01B23-0699-412F-AC07-75F11C455402}"
EndProject
Project("{FAE04EC0-301F-11D3-BF4B-00C04F79EFBC}") = "Revolut2MT940ConverterTester", "Revolut2MT940ConverterTester\Revolut2MT940ConverterTester.csproj", "{132DF359-B25C-471F-8097-187440EAB497}"
EndProject
Global
	GlobalSection(SolutionConfigurationPlatforms) = preSolution
		Debug|Any CPU = Debug|Any CPU
		Release|Any CPU = Release|Any CPU
	EndGlobalSection
	GlobalSection(ProjectConfigurationPlatforms) = postSolution
		{9F44210A-9B8C-48F8-A375-13A47CF76798}.Debug|Any CPU.ActiveCfg = Debug|Any CPU
		{9F44210A-9B8C-48F8-A375-13A47CF76798}.Debug|Any CPU.Build.0 = Debug|Any CPU
		{9F44210A-9B8C-48F8-A375-13A47CF76798}.Release|Any CPU.ActiveCfg = Release|Any CPU
		{9F44210A-9B8C-48F8-A375-13A47CF76798}.Release|Any CPU.Build.0 = Release|Any CPU
		{FC5FD1D7-65A4-4592-A44B-4E3CB9B0FCB4}.Debug|Any CPU.ActiveCfg = Debug|Any CPU
		{FC5FD1D7-65A4-4592-A44B-4E3CB9B0FCB4}.Debug|Any CPU.Build.0 = Debug|Any CPU
		{FC5FD1D7-65A4-4592-A44B-4E3CB9B0FCB4}.Release|Any CPU.ActiveCfg = Release|Any CPU
		{FC5FD1D7-65A4-4592-A44B-4E3CB9B0FCB4}.Release|Any CPU.Build.0 = Release|Any CPU
		{D2A98CE2-F1DD-47B9-8B08-87B1D2ABF0B8}.Debug|Any CPU.ActiveCfg = Debug|Any CPU
		{D2A98CE2-F1DD-47B9-8B08-87B1D2ABF0B8}.Debug|Any CPU.Build.0 = Debug|Any CPU
		{D2A98CE2-F1DD-47B9-8B08-87B1D2ABF0B8}.Release|Any CPU.ActiveCfg = Release|Any CPU
		{D2A98CE2-F1DD-47B9-8B08-87B1D2ABF0B8}.Release|Any CPU.Build.0 = Release|Any CPU
		{9234AABE-5685-41DD-AEA0-C799A4983E3D}.Debug|Any CPU.ActiveCfg = Debug|Any CPU
		{9234AABE-5685-41DD-AEA0-C799A4983E3D}.Debug|Any CPU.Build.0 = Debug|Any CPU
		{9234AABE-5685-41DD-AEA0-C799A4983E3D}.Release|Any CPU.ActiveCfg = Release|Any CPU
		{9234AABE-5685-41DD-AEA0-C799A4983E3D}.Release|Any CPU.Build.0 = Release|Any CPU
		{7A66CBB8-E8ED-4876-BB38-BA5FA6A8DF81}.Debug|Any CPU.ActiveCfg = Debug|Any CPU
		{7A66CBB8-E8ED-4876-BB38-BA5FA6A8DF81}.Debug|Any CPU.Build.0 = Debug|Any CPU
		{7A66CBB8-E8ED-4876-BB38-BA5FA6A8DF81}.Release|Any CPU.ActiveCfg = Release|Any CPU
		{7A66CBB8-E8ED-4876-BB38-BA5FA6A8DF81}.Release|Any CPU.Build.0 = Release|Any CPU
		{2A80B00E-A020-46E4-A05C-6E36D0EB58FD}.Debug|Any CPU.ActiveCfg = Debug|Any CPU
		{2A80B00E-A020-46E4-A05C-6E36D0EB58FD}.Debug|Any CPU.Build.0 = Debug|Any CPU
		{2A80B00E-A020-46E4-A05C-6E36D0EB58FD}.Release|Any CPU.ActiveCfg = Release|Any CPU
		{2A80B00E-A020-46E4-A05C-6E36D0EB58FD}.Release|Any CPU.Build.0 = Release|Any CPU
		{A7B454E1-B626-4F1B-8A0E-DAC7E2AA258C}.Debug|Any CPU.ActiveCfg = Debug|Any CPU
		{A7B454E1-B626-4F1B-8A0E-DAC7E2AA258C}.Debug|Any CPU.Build.0 = Debug|Any CPU
		{A7B454E1-B626-4F1B-8A0E-DAC7E2AA258C}.Release|Any CPU.ActiveCfg = Release|Any CPU
		{A7B454E1-B626-4F1B-8A0E-DAC7E2AA258C}.Release|Any CPU.Build.0 = Release|Any CPU
		{3BD26F6B-AD21-4FD8-8A6B-4463653CDAF0}.Debug|Any CPU.ActiveCfg = Debug|Any CPU
		{3BD26F6B-AD21-4FD8-8A6B-4463653CDAF0}.Debug|Any CPU.Build.0 = Debug|Any CPU
		{3BD26F6B-AD21-4FD8-8A6B-4463653CDAF0}.Release|Any CPU.ActiveCfg = Release|Any CPU
		{3BD26F6B-AD21-4FD8-8A6B-4463653CDAF0}.Release|Any CPU.Build.0 = Release|Any CPU
		{2D367433-D9ED-410A-95D9-E9603216297A}.Debug|Any CPU.ActiveCfg = Debug|Any CPU
		{2D367433-D9ED-410A-95D9-E9603216297A}.Debug|Any CPU.Build.0 = Debug|Any CPU
		{2D367433-D9ED-410A-95D9-E9603216297A}.Release|Any CPU.ActiveCfg = Release|Any CPU
		{2D367433-D9ED-410A-95D9-E9603216297A}.Release|Any CPU.Build.0 = Release|Any CPU
		{132DF359-B25C-471F-8097-187440EAB497}.Debug|Any CPU.ActiveCfg = Debug|Any CPU
		{132DF359-B25C-471F-8097-187440EAB497}.Debug|Any CPU.Build.0 = Debug|Any CPU
		{132DF359-B25C-471F-8097-187440EAB497}.Release|Any CPU.ActiveCfg = Release|Any CPU
		{132DF359-B25C-471F-8097-187440EAB497}.Release|Any CPU.Build.0 = Release|Any CPU
	EndGlobalSection
	GlobalSection(SolutionProperties) = preSolution
		HideSolutionNode = FALSE
	EndGlobalSection
	GlobalSection(NestedProjects) = preSolution
		{132DF359-B25C-471F-8097-187440EAB497} = {C4D01B23-0699-412F-AC07-75F11C455402}
	EndGlobalSection
	GlobalSection(ExtensibilityGlobals) = postSolution
		SolutionGuid = {B96DDF0E-76AF-4028-806A-1414686D7ACF}
	EndGlobalSection
EndGlobal
